// !$*UTF8*$!
{
	archiveVersion = 1;
	classes = {
	};
	objectVersion = 46;
	objects = {

/* Begin PBXAggregateTarget section */
		"ZIPFoundation::ZIPFoundationPackageTests::ProductTarget" /* ZIPFoundationPackageTests */ = {
			isa = PBXAggregateTarget;
			buildConfigurationList = OBJ_64 /* Build configuration list for PBXAggregateTarget "ZIPFoundationPackageTests" */;
			buildPhases = (
			);
			dependencies = (
				OBJ_67 /* PBXTargetDependency */,
			);
			name = ZIPFoundationPackageTests;
			productName = ZIPFoundationPackageTests;
		};
/* End PBXAggregateTarget section */

/* Begin PBXBuildFile section */
		OBJ_34 /* Package.swift in Sources */ = {isa = PBXBuildFile; fileRef = OBJ_6 /* Package.swift */; };
		OBJ_40 /* ZIPFoundationDataSerializationTests.swift in Sources */ = {isa = PBXBuildFile; fileRef = OBJ_18 /* ZIPFoundationDataSerializationTests.swift */; };
		OBJ_41 /* ZIPFoundationEntryTests.swift in Sources */ = {isa = PBXBuildFile; fileRef = OBJ_19 /* ZIPFoundationEntryTests.swift */; };
		OBJ_42 /* ZIPFoundationFileManagerTests.swift in Sources */ = {isa = PBXBuildFile; fileRef = OBJ_20 /* ZIPFoundationFileManagerTests.swift */; };
		OBJ_43 /* ZIPFoundationPerformanceTests.swift in Sources */ = {isa = PBXBuildFile; fileRef = OBJ_21 /* ZIPFoundationPerformanceTests.swift */; };
		OBJ_44 /* ZIPFoundationReadingTests.swift in Sources */ = {isa = PBXBuildFile; fileRef = OBJ_22 /* ZIPFoundationReadingTests.swift */; };
		OBJ_45 /* ZIPFoundationTests.swift in Sources */ = {isa = PBXBuildFile; fileRef = OBJ_23 /* ZIPFoundationTests.swift */; };
		OBJ_46 /* ZIPFoundationWritingTests.swift in Sources */ = {isa = PBXBuildFile; fileRef = OBJ_24 /* ZIPFoundationWritingTests.swift */; };
		OBJ_48 /* ZIPFoundation.framework in Frameworks */ = {isa = PBXBuildFile; fileRef = "ZIPFoundation::ZIPFoundation::Product" /* ZIPFoundation.framework */; };
		OBJ_55 /* Archive+Reading.swift in Sources */ = {isa = PBXBuildFile; fileRef = OBJ_9 /* Archive+Reading.swift */; };
		OBJ_56 /* Archive+Writing.swift in Sources */ = {isa = PBXBuildFile; fileRef = OBJ_10 /* Archive+Writing.swift */; };
		OBJ_57 /* Archive.swift in Sources */ = {isa = PBXBuildFile; fileRef = OBJ_11 /* Archive.swift */; };
		OBJ_58 /* Data+Compression.swift in Sources */ = {isa = PBXBuildFile; fileRef = OBJ_12 /* Data+Compression.swift */; };
		OBJ_59 /* Data+Serialization.swift in Sources */ = {isa = PBXBuildFile; fileRef = OBJ_13 /* Data+Serialization.swift */; };
		OBJ_60 /* Entry.swift in Sources */ = {isa = PBXBuildFile; fileRef = OBJ_14 /* Entry.swift */; };
		OBJ_61 /* FileManager+ZIP.swift in Sources */ = {isa = PBXBuildFile; fileRef = OBJ_15 /* FileManager+ZIP.swift */; };
/* End PBXBuildFile section */

/* Begin PBXContainerItemProxy section */
		B6CD8EF81FE1AF320027AA49 /* PBXContainerItemProxy */ = {
			isa = PBXContainerItemProxy;
			containerPortal = OBJ_1 /* Project object */;
			proxyType = 1;
			remoteGlobalIDString = "ZIPFoundation::ZIPFoundation";
			remoteInfo = ZIPFoundation;
		};
		B6CD8EF91FE1AF330027AA49 /* PBXContainerItemProxy */ = {
			isa = PBXContainerItemProxy;
			containerPortal = OBJ_1 /* Project object */;
			proxyType = 1;
			remoteGlobalIDString = "ZIPFoundation::ZIPFoundationTests";
			remoteInfo = ZIPFoundationTests;
		};
/* End PBXContainerItemProxy section */

/* Begin PBXFileReference section */
		OBJ_10 /* Archive+Writing.swift */ = {isa = PBXFileReference; lastKnownFileType = sourcecode.swift; path = "Archive+Writing.swift"; sourceTree = "<group>"; };
		OBJ_11 /* Archive.swift */ = {isa = PBXFileReference; lastKnownFileType = sourcecode.swift; path = Archive.swift; sourceTree = "<group>"; };
		OBJ_12 /* Data+Compression.swift */ = {isa = PBXFileReference; lastKnownFileType = sourcecode.swift; path = "Data+Compression.swift"; sourceTree = "<group>"; };
		OBJ_13 /* Data+Serialization.swift */ = {isa = PBXFileReference; lastKnownFileType = sourcecode.swift; path = "Data+Serialization.swift"; sourceTree = "<group>"; };
		OBJ_14 /* Entry.swift */ = {isa = PBXFileReference; lastKnownFileType = sourcecode.swift; path = Entry.swift; sourceTree = "<group>"; };
		OBJ_15 /* FileManager+ZIP.swift */ = {isa = PBXFileReference; lastKnownFileType = sourcecode.swift; path = "FileManager+ZIP.swift"; sourceTree = "<group>"; };
		OBJ_18 /* ZIPFoundationDataSerializationTests.swift */ = {isa = PBXFileReference; lastKnownFileType = sourcecode.swift; path = ZIPFoundationDataSerializationTests.swift; sourceTree = "<group>"; };
		OBJ_19 /* ZIPFoundationEntryTests.swift */ = {isa = PBXFileReference; lastKnownFileType = sourcecode.swift; path = ZIPFoundationEntryTests.swift; sourceTree = "<group>"; };
		OBJ_20 /* ZIPFoundationFileManagerTests.swift */ = {isa = PBXFileReference; lastKnownFileType = sourcecode.swift; path = ZIPFoundationFileManagerTests.swift; sourceTree = "<group>"; };
		OBJ_21 /* ZIPFoundationPerformanceTests.swift */ = {isa = PBXFileReference; lastKnownFileType = sourcecode.swift; path = ZIPFoundationPerformanceTests.swift; sourceTree = "<group>"; };
		OBJ_22 /* ZIPFoundationReadingTests.swift */ = {isa = PBXFileReference; lastKnownFileType = sourcecode.swift; path = ZIPFoundationReadingTests.swift; sourceTree = "<group>"; };
		OBJ_23 /* ZIPFoundationTests.swift */ = {isa = PBXFileReference; lastKnownFileType = sourcecode.swift; path = ZIPFoundationTests.swift; sourceTree = "<group>"; };
		OBJ_24 /* ZIPFoundationWritingTests.swift */ = {isa = PBXFileReference; lastKnownFileType = sourcecode.swift; path = ZIPFoundationWritingTests.swift; sourceTree = "<group>"; };
		OBJ_6 /* Package.swift */ = {isa = PBXFileReference; explicitFileType = sourcecode.swift; path = Package.swift; sourceTree = "<group>"; };
		OBJ_9 /* Archive+Reading.swift */ = {isa = PBXFileReference; lastKnownFileType = sourcecode.swift; path = "Archive+Reading.swift"; sourceTree = "<group>"; };
		"ZIPFoundation::ZIPFoundation::Product" /* ZIPFoundation.framework */ = {isa = PBXFileReference; explicitFileType = wrapper.framework; path = ZIPFoundation.framework; sourceTree = BUILT_PRODUCTS_DIR; };
		"ZIPFoundation::ZIPFoundationTests::Product" /* ZIPFoundationTests.xctest */ = {isa = PBXFileReference; lastKnownFileType = file; path = ZIPFoundationTests.xctest; sourceTree = BUILT_PRODUCTS_DIR; };
/* End PBXFileReference section */

/* Begin PBXFrameworksBuildPhase section */
		OBJ_47 /* Frameworks */ = {
			isa = PBXFrameworksBuildPhase;
			buildActionMask = 0;
			files = (
				OBJ_48 /* ZIPFoundation.framework in Frameworks */,
			);
			runOnlyForDeploymentPostprocessing = 0;
		};
		OBJ_62 /* Frameworks */ = {
			isa = PBXFrameworksBuildPhase;
			buildActionMask = 0;
			files = (
			);
			runOnlyForDeploymentPostprocessing = 0;
		};
/* End PBXFrameworksBuildPhase section */

/* Begin PBXGroup section */
		OBJ_16 /* Tests */ = {
			isa = PBXGroup;
			children = (
				OBJ_17 /* ZIPFoundationTests */,
			);
			name = Tests;
			sourceTree = SOURCE_ROOT;
		};
		OBJ_17 /* ZIPFoundationTests */ = {
			isa = PBXGroup;
			children = (
				OBJ_18 /* ZIPFoundationDataSerializationTests.swift */,
				OBJ_19 /* ZIPFoundationEntryTests.swift */,
				OBJ_20 /* ZIPFoundationFileManagerTests.swift */,
				OBJ_21 /* ZIPFoundationPerformanceTests.swift */,
				OBJ_22 /* ZIPFoundationReadingTests.swift */,
				OBJ_23 /* ZIPFoundationTests.swift */,
				OBJ_24 /* ZIPFoundationWritingTests.swift */,
			);
			name = ZIPFoundationTests;
			path = Tests/ZIPFoundationTests;
			sourceTree = SOURCE_ROOT;
		};
		OBJ_25 /* Dependencies */ = {
			isa = PBXGroup;
			children = (
			);
			name = Dependencies;
			sourceTree = "<group>";
		};
		OBJ_26 /* Products */ = {
			isa = PBXGroup;
			children = (
				"ZIPFoundation::ZIPFoundationTests::Product" /* ZIPFoundationTests.xctest */,
				"ZIPFoundation::ZIPFoundation::Product" /* ZIPFoundation.framework */,
			);
			name = Products;
			sourceTree = BUILT_PRODUCTS_DIR;
		};
		OBJ_5 = {
			isa = PBXGroup;
			children = (
				OBJ_6 /* Package.swift */,
				OBJ_7 /* Sources */,
				OBJ_16 /* Tests */,
				OBJ_25 /* Dependencies */,
				OBJ_26 /* Products */,
			);
			sourceTree = "<group>";
		};
		OBJ_7 /* Sources */ = {
			isa = PBXGroup;
			children = (
				OBJ_8 /* ZIPFoundation */,
			);
			name = Sources;
			sourceTree = SOURCE_ROOT;
		};
		OBJ_8 /* ZIPFoundation */ = {
			isa = PBXGroup;
			children = (
				OBJ_9 /* Archive+Reading.swift */,
				OBJ_10 /* Archive+Writing.swift */,
				OBJ_11 /* Archive.swift */,
				OBJ_12 /* Data+Compression.swift */,
				OBJ_13 /* Data+Serialization.swift */,
				OBJ_14 /* Entry.swift */,
				OBJ_15 /* FileManager+ZIP.swift */,
			);
			name = ZIPFoundation;
			path = Sources/ZIPFoundation;
			sourceTree = SOURCE_ROOT;
		};
/* End PBXGroup section */

/* Begin PBXNativeTarget section */
		"ZIPFoundation::SwiftPMPackageDescription" /* ZIPFoundationPackageDescription */ = {
			isa = PBXNativeTarget;
			buildConfigurationList = OBJ_30 /* Build configuration list for PBXNativeTarget "ZIPFoundationPackageDescription" */;
			buildPhases = (
				OBJ_33 /* Sources */,
			);
			buildRules = (
			);
			dependencies = (
			);
			name = ZIPFoundationPackageDescription;
			productName = ZIPFoundationPackageDescription;
			productType = "com.apple.product-type.framework";
		};
		"ZIPFoundation::ZIPFoundation" /* ZIPFoundation */ = {
			isa = PBXNativeTarget;
			buildConfigurationList = OBJ_51 /* Build configuration list for PBXNativeTarget "ZIPFoundation" */;
			buildPhases = (
				OBJ_54 /* Sources */,
				OBJ_62 /* Frameworks */,
			);
			buildRules = (
			);
			dependencies = (
			);
			name = ZIPFoundation;
			productName = ZIPFoundation;
			productReference = "ZIPFoundation::ZIPFoundation::Product" /* ZIPFoundation.framework */;
			productType = "com.apple.product-type.framework";
		};
		"ZIPFoundation::ZIPFoundationTests" /* ZIPFoundationTests */ = {
			isa = PBXNativeTarget;
			buildConfigurationList = OBJ_36 /* Build configuration list for PBXNativeTarget "ZIPFoundationTests" */;
			buildPhases = (
				OBJ_39 /* Sources */,
				OBJ_47 /* Frameworks */,
			);
			buildRules = (
			);
			dependencies = (
				OBJ_49 /* PBXTargetDependency */,
			);
			name = ZIPFoundationTests;
			productName = ZIPFoundationTests;
			productReference = "ZIPFoundation::ZIPFoundationTests::Product" /* ZIPFoundationTests.xctest */;
			productType = "com.apple.product-type.bundle.unit-test";
		};
/* End PBXNativeTarget section */

/* Begin PBXProject section */
		OBJ_1 /* Project object */ = {
			isa = PBXProject;
			attributes = {
				LastUpgradeCheck = 9999;
			};
			buildConfigurationList = OBJ_2 /* Build configuration list for PBXProject "ZIPFoundation" */;
			compatibilityVersion = "Xcode 3.2";
			developmentRegion = English;
			hasScannedForEncodings = 0;
			knownRegions = (
				en,
			);
			mainGroup = OBJ_5;
			productRefGroup = OBJ_26 /* Products */;
			projectDirPath = "";
			projectRoot = "";
			targets = (
				"ZIPFoundation::SwiftPMPackageDescription" /* ZIPFoundationPackageDescription */,
				"ZIPFoundation::ZIPFoundationTests" /* ZIPFoundationTests */,
				"ZIPFoundation::ZIPFoundation" /* ZIPFoundation */,
				"ZIPFoundation::ZIPFoundationPackageTests::ProductTarget" /* ZIPFoundationPackageTests */,
			);
		};
/* End PBXProject section */

/* Begin PBXSourcesBuildPhase section */
		OBJ_33 /* Sources */ = {
			isa = PBXSourcesBuildPhase;
			buildActionMask = 0;
			files = (
				OBJ_34 /* Package.swift in Sources */,
			);
			runOnlyForDeploymentPostprocessing = 0;
		};
		OBJ_39 /* Sources */ = {
			isa = PBXSourcesBuildPhase;
			buildActionMask = 0;
			files = (
				OBJ_40 /* ZIPFoundationDataSerializationTests.swift in Sources */,
				OBJ_41 /* ZIPFoundationEntryTests.swift in Sources */,
				OBJ_42 /* ZIPFoundationFileManagerTests.swift in Sources */,
				OBJ_43 /* ZIPFoundationPerformanceTests.swift in Sources */,
				OBJ_44 /* ZIPFoundationReadingTests.swift in Sources */,
				OBJ_45 /* ZIPFoundationTests.swift in Sources */,
				OBJ_46 /* ZIPFoundationWritingTests.swift in Sources */,
			);
			runOnlyForDeploymentPostprocessing = 0;
		};
		OBJ_54 /* Sources */ = {
			isa = PBXSourcesBuildPhase;
			buildActionMask = 0;
			files = (
				OBJ_55 /* Archive+Reading.swift in Sources */,
				OBJ_56 /* Archive+Writing.swift in Sources */,
				OBJ_57 /* Archive.swift in Sources */,
				OBJ_58 /* Data+Compression.swift in Sources */,
				OBJ_59 /* Data+Serialization.swift in Sources */,
				OBJ_60 /* Entry.swift in Sources */,
				OBJ_61 /* FileManager+ZIP.swift in Sources */,
			);
			runOnlyForDeploymentPostprocessing = 0;
		};
/* End PBXSourcesBuildPhase section */

/* Begin PBXTargetDependency section */
		OBJ_49 /* PBXTargetDependency */ = {
			isa = PBXTargetDependency;
			target = "ZIPFoundation::ZIPFoundation" /* ZIPFoundation */;
			targetProxy = B6CD8EF81FE1AF320027AA49 /* PBXContainerItemProxy */;
		};
		OBJ_67 /* PBXTargetDependency */ = {
			isa = PBXTargetDependency;
			target = "ZIPFoundation::ZIPFoundationTests" /* ZIPFoundationTests */;
			targetProxy = B6CD8EF91FE1AF330027AA49 /* PBXContainerItemProxy */;
		};
/* End PBXTargetDependency section */

/* Begin XCBuildConfiguration section */
		OBJ_3 /* Debug */ = {
			isa = XCBuildConfiguration;
			buildSettings = {
				CLANG_ENABLE_OBJC_ARC = YES;
				COMBINE_HIDPI_IMAGES = YES;
				COPY_PHASE_STRIP = NO;
				DEBUG_INFORMATION_FORMAT = dwarf;
				DYLIB_INSTALL_NAME_BASE = "@rpath";
				ENABLE_NS_ASSERTIONS = YES;
				GCC_OPTIMIZATION_LEVEL = 0;
				MACOSX_DEPLOYMENT_TARGET = 10.10;
				ONLY_ACTIVE_ARCH = YES;
				OTHER_SWIFT_FLAGS = "-DXcode";
				PRODUCT_NAME = "$(TARGET_NAME)";
				SDKROOT = macosx;
				SUPPORTED_PLATFORMS = "macosx iphoneos iphonesimulator appletvos appletvsimulator watchos watchsimulator";
				SWIFT_ACTIVE_COMPILATION_CONDITIONS = SWIFT_PACKAGE;
				SWIFT_OPTIMIZATION_LEVEL = "-Onone";
				USE_HEADERMAP = NO;
			};
			name = Debug;
		};
		OBJ_31 /* Debug */ = {
			isa = XCBuildConfiguration;
			buildSettings = {
				LD = /usr/bin/true;
				OTHER_SWIFT_FLAGS = "-swift-version 4 -I /Applications/Xcode.app/Contents/Developer/Toolchains/XcodeDefault.xctoolchain/usr/lib/swift/pm/4 -target x86_64-apple-macosx10.10 -sdk /Applications/Xcode.app/Contents/Developer/Platforms/MacOSX.platform/Developer/SDKs/MacOSX10.13.sdk";
				SWIFT_VERSION = 4.0;
			};
			name = Debug;
		};
		OBJ_32 /* Release */ = {
			isa = XCBuildConfiguration;
			buildSettings = {
				LD = /usr/bin/true;
				OTHER_SWIFT_FLAGS = "-swift-version 4 -I /Applications/Xcode.app/Contents/Developer/Toolchains/XcodeDefault.xctoolchain/usr/lib/swift/pm/4 -target x86_64-apple-macosx10.10 -sdk /Applications/Xcode.app/Contents/Developer/Platforms/MacOSX.platform/Developer/SDKs/MacOSX10.13.sdk";
				SWIFT_VERSION = 4.0;
			};
			name = Release;
		};
		OBJ_37 /* Debug */ = {
			isa = XCBuildConfiguration;
			buildSettings = {
				EMBEDDED_CONTENT_CONTAINS_SWIFT = YES;
				FRAMEWORK_SEARCH_PATHS = (
					"$(inherited)",
					"$(PLATFORM_DIR)/Developer/Library/Frameworks",
				);
				HEADER_SEARCH_PATHS = (
					"$(inherited)",
					"$(SRCROOT)/.build/checkouts/CZlib.git-516057984387857014",
				);
				INFOPLIST_FILE = ZIPFoundation.xcodeproj/ZIPFoundationTests_Info.plist;
				LD_RUNPATH_SEARCH_PATHS = "@loader_path/../Frameworks @loader_path/Frameworks";
				OTHER_LDFLAGS = "$(inherited)";
				OTHER_SWIFT_FLAGS = "$(inherited)";
				SWIFT_VERSION = 4.0;
				TARGET_NAME = ZIPFoundationTests;
			};
			name = Debug;
		};
		OBJ_38 /* Release */ = {
			isa = XCBuildConfiguration;
			buildSettings = {
				EMBEDDED_CONTENT_CONTAINS_SWIFT = YES;
				FRAMEWORK_SEARCH_PATHS = (
					"$(inherited)",
					"$(PLATFORM_DIR)/Developer/Library/Frameworks",
				);
				HEADER_SEARCH_PATHS = (
					"$(inherited)",
					"$(SRCROOT)/.build/checkouts/CZlib.git-516057984387857014",
				);
				INFOPLIST_FILE = ZIPFoundation.xcodeproj/ZIPFoundationTests_Info.plist;
				LD_RUNPATH_SEARCH_PATHS = "@loader_path/../Frameworks @loader_path/Frameworks";
				OTHER_LDFLAGS = "$(inherited)";
				OTHER_SWIFT_FLAGS = "$(inherited)";
				SWIFT_VERSION = 4.0;
				TARGET_NAME = ZIPFoundationTests;
			};
			name = Release;
		};
		OBJ_4 /* Release */ = {
			isa = XCBuildConfiguration;
			buildSettings = {
				CLANG_ENABLE_OBJC_ARC = YES;
				COMBINE_HIDPI_IMAGES = YES;
				COPY_PHASE_STRIP = YES;
				DEBUG_INFORMATION_FORMAT = "dwarf-with-dsym";
				DYLIB_INSTALL_NAME_BASE = "@rpath";
				GCC_OPTIMIZATION_LEVEL = s;
				MACOSX_DEPLOYMENT_TARGET = 10.10;
				OTHER_SWIFT_FLAGS = "-DXcode";
				PRODUCT_NAME = "$(TARGET_NAME)";
				SDKROOT = macosx;
				SUPPORTED_PLATFORMS = "macosx iphoneos iphonesimulator appletvos appletvsimulator watchos watchsimulator";
				SWIFT_ACTIVE_COMPILATION_CONDITIONS = SWIFT_PACKAGE;
				SWIFT_OPTIMIZATION_LEVEL = "-Owholemodule";
				USE_HEADERMAP = NO;
			};
			name = Release;
		};
		OBJ_52 /* Debug */ = {
			isa = XCBuildConfiguration;
			buildSettings = {
				ENABLE_TESTABILITY = YES;
				FRAMEWORK_SEARCH_PATHS = (
					"$(inherited)",
					"$(PLATFORM_DIR)/Developer/Library/Frameworks",
				);
				HEADER_SEARCH_PATHS = (
					"$(inherited)",
					"$(SRCROOT)/.build/checkouts/CZlib.git-516057984387857014",
				);
				INFOPLIST_FILE = ZIPFoundation.xcodeproj/ZIPFoundation_Info.plist;
				LD_RUNPATH_SEARCH_PATHS = "$(TOOLCHAIN_DIR)/usr/lib/swift/macosx";
				OTHER_LDFLAGS = "$(inherited)";
				OTHER_SWIFT_FLAGS = "$(inherited)";
				PRODUCT_BUNDLE_IDENTIFIER = ZIPFoundation;
				PRODUCT_MODULE_NAME = "$(TARGET_NAME:c99extidentifier)";
				PRODUCT_NAME = "$(TARGET_NAME:c99extidentifier)";
				SKIP_INSTALL = YES;
				SWIFT_INCLUDE_PATHS = "${SRCROOT}/CZlib";
				SWIFT_VERSION = 4.0;
				TARGET_NAME = ZIPFoundation;
			};
			name = Debug;
		};
		OBJ_53 /* Release */ = {
			isa = XCBuildConfiguration;
			buildSettings = {
				ENABLE_TESTABILITY = YES;
				FRAMEWORK_SEARCH_PATHS = (
					"$(inherited)",
					"$(PLATFORM_DIR)/Developer/Library/Frameworks",
				);
				HEADER_SEARCH_PATHS = (
					"$(inherited)",
					"$(SRCROOT)/.build/checkouts/CZlib.git-516057984387857014",
				);
				INFOPLIST_FILE = ZIPFoundation.xcodeproj/ZIPFoundation_Info.plist;
				LD_RUNPATH_SEARCH_PATHS = "$(TOOLCHAIN_DIR)/usr/lib/swift/macosx";
				OTHER_LDFLAGS = "$(inherited)";
				OTHER_SWIFT_FLAGS = "$(inherited)";
				PRODUCT_BUNDLE_IDENTIFIER = ZIPFoundation;
				PRODUCT_MODULE_NAME = "$(TARGET_NAME:c99extidentifier)";
				PRODUCT_NAME = "$(TARGET_NAME:c99extidentifier)";
				SKIP_INSTALL = YES;
				SWIFT_INCLUDE_PATHS = "${SRCROOT}/CZlib";
				SWIFT_VERSION = 4.0;
				TARGET_NAME = ZIPFoundation;
			};
			name = Release;
		};
		OBJ_65 /* Debug */ = {
			isa = XCBuildConfiguration;
			buildSettings = {
			};
			name = Debug;
		};
		OBJ_66 /* Release */ = {
			isa = XCBuildConfiguration;
			buildSettings = {
			};
			name = Release;
		};
/* End XCBuildConfiguration section */

/* Begin XCConfigurationList section */
		OBJ_2 /* Build configuration list for PBXProject "ZIPFoundation" */ = {
			isa = XCConfigurationList;
			buildConfigurations = (
				OBJ_3 /* Debug */,
				OBJ_4 /* Release */,
			);
			defaultConfigurationIsVisible = 0;
			defaultConfigurationName = Debug;
		};
		OBJ_30 /* Build configuration list for PBXNativeTarget "ZIPFoundationPackageDescription" */ = {
			isa = XCConfigurationList;
			buildConfigurations = (
				OBJ_31 /* Debug */,
				OBJ_32 /* Release */,
			);
			defaultConfigurationIsVisible = 0;
			defaultConfigurationName = Debug;
		};
		OBJ_36 /* Build configuration list for PBXNativeTarget "ZIPFoundationTests" */ = {
			isa = XCConfigurationList;
			buildConfigurations = (
				OBJ_37 /* Debug */,
				OBJ_38 /* Release */,
			);
			defaultConfigurationIsVisible = 0;
			defaultConfigurationName = Debug;
		};
		OBJ_51 /* Build configuration list for PBXNativeTarget "ZIPFoundation" */ = {
			isa = XCConfigurationList;
			buildConfigurations = (
				OBJ_52 /* Debug */,
				OBJ_53 /* Release */,
			);
			defaultConfigurationIsVisible = 0;
			defaultConfigurationName = Debug;
		};
		OBJ_64 /* Build configuration list for PBXAggregateTarget "ZIPFoundationPackageTests" */ = {
			isa = XCConfigurationList;
			buildConfigurations = (
				OBJ_65 /* Debug */,
				OBJ_66 /* Release */,
			);
			defaultConfigurationIsVisible = 0;
			defaultConfigurationName = Debug;
		};
/* End XCConfigurationList section */
	};
	rootObject = OBJ_1 /* Project object */;
}
